
Microsoft Visual Studio Solution File, Format Version 12.00
# Visual Studio Version 17
VisualStudioVersion = 17.9.34723.18
MinimumVisualStudioVersion = 10.0.40219.1
Project("{FAE04EC0-301F-11D3-BF4B-00C04F79EFBC}") = "Internet-Store", "Internet-Store\Internet-Store.csproj", "{CDB813C5-DCAC-4826-9217-C4414055B6C3}"
EndProject
Global
	GlobalSection(SolutionConfigurationPlatforms) = preSolution
		Debug|Any CPU = Debug|Any CPU
		Release|Any CPU = Release|Any CPU
	EndGlobalSection
	GlobalSection(ProjectConfigurationPlatforms) = postSolution
		{CDB813C5-DCAC-4826-9217-C4414055B6C3}.Debug|Any CPU.ActiveCfg = Debug|Any CPU
		{CDB813C5-DCAC-4826-9217-C4414055B6C3}.Debug|Any CPU.Build.0 = Debug|Any CPU
		{CDB813C5-DCAC-4826-9217-C4414055B6C3}.Release|Any CPU.ActiveCfg = Release|Any CPU
		{CDB813C5-DCAC-4826-9217-C4414055B6C3}.Release|Any CPU.Build.0 = Release|Any CPU
	EndGlobalSection
	GlobalSection(SolutionProperties) = preSolution
		HideSolutionNode = FALSE
	EndGlobalSection
	GlobalSection(ExtensibilityGlobals) = postSolution
		SolutionGuid = {A5A63283-1E52-4E83-8A5C-2BEF5E16A154}
	EndGlobalSection
EndGlobal
